
Microsoft Visual Studio Solution File, Format Version 12.00
# Visual Studio Version 16
VisualStudioVersion = 16.0.32407.337
MinimumVisualStudioVersion = 10.0.40219.1
Project("{9A19103F-16F7-4668-BE54-9A1E7A4F7556}") = "Engie.RegexApp.Api", "Engie.RegxService\Engie.RegexApp.Api.csproj", "{0AB080EE-6430-45E5-8C8F-F181BE111CDC}"
EndProject
Project("{9A19103F-16F7-4668-BE54-9A1E7A4F7556}") = "Engie.RegexApp.UnitTest", "Engie.Regex.UnitTest\Engie.RegexApp.UnitTest.csproj", "{0E809E70-8493-4A77-9CB3-0157E94DD36A}"
EndProject
Global
	GlobalSection(SolutionConfigurationPlatforms) = preSolution
		Debug|Any CPU = Debug|Any CPU
		Release|Any CPU = Release|Any CPU
	EndGlobalSection
	GlobalSection(ProjectConfigurationPlatforms) = postSolution
		{0AB080EE-6430-45E5-8C8F-F181BE111CDC}.Debug|Any CPU.ActiveCfg = Debug|Any CPU
		{0AB080EE-6430-45E5-8C8F-F181BE111CDC}.Debug|Any CPU.Build.0 = Debug|Any CPU
		{0AB080EE-6430-45E5-8C8F-F181BE111CDC}.Release|Any CPU.ActiveCfg = Release|Any CPU
		{0AB080EE-6430-45E5-8C8F-F181BE111CDC}.Release|Any CPU.Build.0 = Release|Any CPU
		{0E809E70-8493-4A77-9CB3-0157E94DD36A}.Debug|Any CPU.ActiveCfg = Debug|Any CPU
		{0E809E70-8493-4A77-9CB3-0157E94DD36A}.Debug|Any CPU.Build.0 = Debug|Any CPU
		{0E809E70-8493-4A77-9CB3-0157E94DD36A}.Release|Any CPU.ActiveCfg = Release|Any CPU
		{0E809E70-8493-4A77-9CB3-0157E94DD36A}.Release|Any CPU.Build.0 = Release|Any CPU
	EndGlobalSection
	GlobalSection(SolutionProperties) = preSolution
		HideSolutionNode = FALSE
	EndGlobalSection
	GlobalSection(ExtensibilityGlobals) = postSolution
		SolutionGuid = {EC1DF1CF-3828-4019-94F3-AACEC8142622}
	EndGlobalSection
EndGlobal
